
Microsoft Visual Studio Solution File, Format Version 12.00
# Visual Studio 15
VisualStudioVersion = 15.0.27617.1
MinimumVisualStudioVersion = 10.0.40219.1
Project("{FAE04EC0-301F-11D3-BF4B-00C04F79EFBC}") = "Haversine.ConsoleApp", "Haversine.ConsoleApp\Haversine.ConsoleApp.csproj", "{1098698F-E846-46D6-A050-C8646E949C0B}"
EndProject
Project("{FAE04EC0-301F-11D3-BF4B-00C04F79EFBC}") = "Haversine.Tests", "Haversine.Tests\Haversine.Tests.csproj", "{2DD8E74C-0431-48D1-93BE-59534DAC4467}"
EndProject
Project("{FAE04EC0-301F-11D3-BF4B-00C04F79EFBC}") = "Haversine.Maths", "Haversine.Maths\Haversine.Maths.csproj", "{84121C11-7227-4208-94A6-0BD915899CBE}"
EndProject
Project("{2150E333-8FDC-42A3-9474-1A3956D46DE8}") = "Notes", "Notes", "{CC08BA2C-2EA7-43FA-AEBB-AC5C371BB16D}"
	ProjectSection(SolutionItems) = preProject
		Coordinates.txt = Coordinates.txt
	EndProjectSection
EndProject
Global
	GlobalSection(SolutionConfigurationPlatforms) = preSolution
		Debug|Any CPU = Debug|Any CPU
		Release|Any CPU = Release|Any CPU
	EndGlobalSection
	GlobalSection(ProjectConfigurationPlatforms) = postSolution
		{1098698F-E846-46D6-A050-C8646E949C0B}.Debug|Any CPU.ActiveCfg = Debug|Any CPU
		{1098698F-E846-46D6-A050-C8646E949C0B}.Debug|Any CPU.Build.0 = Debug|Any CPU
		{1098698F-E846-46D6-A050-C8646E949C0B}.Release|Any CPU.ActiveCfg = Release|Any CPU
		{1098698F-E846-46D6-A050-C8646E949C0B}.Release|Any CPU.Build.0 = Release|Any CPU
		{2DD8E74C-0431-48D1-93BE-59534DAC4467}.Debug|Any CPU.ActiveCfg = Debug|Any CPU
		{2DD8E74C-0431-48D1-93BE-59534DAC4467}.Debug|Any CPU.Build.0 = Debug|Any CPU
		{2DD8E74C-0431-48D1-93BE-59534DAC4467}.Release|Any CPU.ActiveCfg = Release|Any CPU
		{2DD8E74C-0431-48D1-93BE-59534DAC4467}.Release|Any CPU.Build.0 = Release|Any CPU
		{84121C11-7227-4208-94A6-0BD915899CBE}.Debug|Any CPU.ActiveCfg = Debug|Any CPU
		{84121C11-7227-4208-94A6-0BD915899CBE}.Debug|Any CPU.Build.0 = Debug|Any CPU
		{84121C11-7227-4208-94A6-0BD915899CBE}.Release|Any CPU.ActiveCfg = Release|Any CPU
		{84121C11-7227-4208-94A6-0BD915899CBE}.Release|Any CPU.Build.0 = Release|Any CPU
	EndGlobalSection
	GlobalSection(SolutionProperties) = preSolution
		HideSolutionNode = FALSE
	EndGlobalSection
	GlobalSection(ExtensibilityGlobals) = postSolution
		SolutionGuid = {FFC9B848-0B40-4536-9308-66C353A50BD8}
	EndGlobalSection
EndGlobal
